
Microsoft Visual Studio Solution File, Format Version 12.00
# Visual Studio Version 16
VisualStudioVersion = 16.0.30804.86
MinimumVisualStudioVersion = 10.0.40219.1
Project("{FAE04EC0-301F-11D3-BF4B-00C04F79EFBC}") = "CK3cultureAutomator", "CK3cultureAutomator\CK3cultureAutomator.csproj", "{08ABA290-EE79-459E-BD7C-74EEEE8F6FD0}"
EndProject
Project("{FAE04EC0-301F-11D3-BF4B-00C04F79EFBC}") = "CK3AutomaticColorer", "CK3AutomaticColorer\CK3AutomaticColorer.csproj", "{D8FAA716-3C17-42BC-B23B-5139A3084B9E}"
EndProject
Project("{FAE04EC0-301F-11D3-BF4B-00C04F79EFBC}") = "Colorer GUI", "Colorer GUI\Colorer GUI.csproj", "{FAB6C465-ECB2-4D56-9C1E-4682468148F0}"
EndProject
Project("{FAE04EC0-301F-11D3-BF4B-00C04F79EFBC}") = "ColorerAddToExisting", "ColorerAddToExisting\ColorerAddToExisting.csproj", "{B23E5A49-719C-4F26-A53D-6FA1534B52B6}"
EndProject
Project("{FAE04EC0-301F-11D3-BF4B-00C04F79EFBC}") = "mapCreator", "mapCreator\mapCreator.csproj", "{57F5C79E-1A8A-46DF-9DDA-6EADD9BD90B2}"
EndProject
Global
	GlobalSection(SolutionConfigurationPlatforms) = preSolution
		Debug|Any CPU = Debug|Any CPU
		Release|Any CPU = Release|Any CPU
	EndGlobalSection
	GlobalSection(ProjectConfigurationPlatforms) = postSolution
		{08ABA290-EE79-459E-BD7C-74EEEE8F6FD0}.Debug|Any CPU.ActiveCfg = Debug|Any CPU
		{08ABA290-EE79-459E-BD7C-74EEEE8F6FD0}.Debug|Any CPU.Build.0 = Debug|Any CPU
		{08ABA290-EE79-459E-BD7C-74EEEE8F6FD0}.Release|Any CPU.ActiveCfg = Release|Any CPU
		{08ABA290-EE79-459E-BD7C-74EEEE8F6FD0}.Release|Any CPU.Build.0 = Release|Any CPU
		{D8FAA716-3C17-42BC-B23B-5139A3084B9E}.Debug|Any CPU.ActiveCfg = Debug|Any CPU
		{D8FAA716-3C17-42BC-B23B-5139A3084B9E}.Debug|Any CPU.Build.0 = Debug|Any CPU
		{D8FAA716-3C17-42BC-B23B-5139A3084B9E}.Release|Any CPU.ActiveCfg = Release|Any CPU
		{D8FAA716-3C17-42BC-B23B-5139A3084B9E}.Release|Any CPU.Build.0 = Release|Any CPU
		{FAB6C465-ECB2-4D56-9C1E-4682468148F0}.Debug|Any CPU.ActiveCfg = Debug|Any CPU
		{FAB6C465-ECB2-4D56-9C1E-4682468148F0}.Debug|Any CPU.Build.0 = Debug|Any CPU
		{FAB6C465-ECB2-4D56-9C1E-4682468148F0}.Release|Any CPU.ActiveCfg = Release|Any CPU
		{FAB6C465-ECB2-4D56-9C1E-4682468148F0}.Release|Any CPU.Build.0 = Release|Any CPU
		{B23E5A49-719C-4F26-A53D-6FA1534B52B6}.Debug|Any CPU.ActiveCfg = Debug|Any CPU
		{B23E5A49-719C-4F26-A53D-6FA1534B52B6}.Debug|Any CPU.Build.0 = Debug|Any CPU
		{B23E5A49-719C-4F26-A53D-6FA1534B52B6}.Release|Any CPU.ActiveCfg = Release|Any CPU
		{B23E5A49-719C-4F26-A53D-6FA1534B52B6}.Release|Any CPU.Build.0 = Release|Any CPU
		{57F5C79E-1A8A-46DF-9DDA-6EADD9BD90B2}.Debug|Any CPU.ActiveCfg = Debug|Any CPU
		{57F5C79E-1A8A-46DF-9DDA-6EADD9BD90B2}.Debug|Any CPU.Build.0 = Debug|Any CPU
		{57F5C79E-1A8A-46DF-9DDA-6EADD9BD90B2}.Release|Any CPU.ActiveCfg = Release|Any CPU
		{57F5C79E-1A8A-46DF-9DDA-6EADD9BD90B2}.Release|Any CPU.Build.0 = Release|Any CPU
	EndGlobalSection
	GlobalSection(SolutionProperties) = preSolution
		HideSolutionNode = FALSE
	EndGlobalSection
	GlobalSection(ExtensibilityGlobals) = postSolution
		SolutionGuid = {0E4B9607-CAD4-4AC4-AEBF-EAB800521DE6}
	EndGlobalSection
EndGlobal
